
Microsoft Visual Studio Solution File, Format Version 12.00
# Visual Studio 15
VisualStudioVersion = 15.0.28307.271
MinimumVisualStudioVersion = 10.0.40219.1
Project("{8BC9CEB8-8B4A-11D0-8D11-00A0C91BC942}") = "作用域-生存期及函数", "作用域-生存期及函数\作用域-生存期及函数.vcxproj", "{52B9305A-09E8-4A49-B97E-66A1544C0DA9}"
EndProject
Global
	GlobalSection(SolutionConfigurationPlatforms) = preSolution
		Debug|x64 = Debug|x64
		Debug|x86 = Debug|x86
		Release|x64 = Release|x64
		Release|x86 = Release|x86
	EndGlobalSection
	GlobalSection(ProjectConfigurationPlatforms) = postSolution
		{52B9305A-09E8-4A49-B97E-66A1544C0DA9}.Debug|x64.ActiveCfg = Debug|x64
		{52B9305A-09E8-4A49-B97E-66A1544C0DA9}.Debug|x64.Build.0 = Debug|x64
		{52B9305A-09E8-4A49-B97E-66A1544C0DA9}.Debug|x86.ActiveCfg = Debug|Win32
		{52B9305A-09E8-4A49-B97E-66A1544C0DA9}.Debug|x86.Build.0 = Debug|Win32
		{52B9305A-09E8-4A49-B97E-66A1544C0DA9}.Release|x64.ActiveCfg = Release|x64
		{52B9305A-09E8-4A49-B97E-66A1544C0DA9}.Release|x64.Build.0 = Release|x64
		{52B9305A-09E8-4A49-B97E-66A1544C0DA9}.Release|x86.ActiveCfg = Release|Win32
		{52B9305A-09E8-4A49-B97E-66A1544C0DA9}.Release|x86.Build.0 = Release|Win32
	EndGlobalSection
	GlobalSection(SolutionProperties) = preSolution
		HideSolutionNode = FALSE
	EndGlobalSection
	GlobalSection(ExtensibilityGlobals) = postSolution
		SolutionGuid = {8B3C4985-F718-46B6-9FD3-5D4449FDB3BD}
	EndGlobalSection
EndGlobal
